
Microsoft Visual Studio Solution File, Format Version 12.00
# Visual Studio Version 16
VisualStudioVersion = 16.0.29905.134
MinimumVisualStudioVersion = 10.0.40219.1
Project("{FAE04EC0-301F-11D3-BF4B-00C04F79EFBC}") = "BookExchangerWebApi", "BookExchangerWebApi\BookExchangerWebApi.csproj", "{EC398755-1B2F-43C9-81A9-A6E6DE32BBB6}"
EndProject
Global
	GlobalSection(SolutionConfigurationPlatforms) = preSolution
		Debug|Any CPU = Debug|Any CPU
		Release|Any CPU = Release|Any CPU
	EndGlobalSection
	GlobalSection(ProjectConfigurationPlatforms) = postSolution
		{EC398755-1B2F-43C9-81A9-A6E6DE32BBB6}.Debug|Any CPU.ActiveCfg = Debug|Any CPU
		{EC398755-1B2F-43C9-81A9-A6E6DE32BBB6}.Debug|Any CPU.Build.0 = Debug|Any CPU
		{EC398755-1B2F-43C9-81A9-A6E6DE32BBB6}.Release|Any CPU.ActiveCfg = Release|Any CPU
		{EC398755-1B2F-43C9-81A9-A6E6DE32BBB6}.Release|Any CPU.Build.0 = Release|Any CPU
	EndGlobalSection
	GlobalSection(SolutionProperties) = preSolution
		HideSolutionNode = FALSE
	EndGlobalSection
	GlobalSection(ExtensibilityGlobals) = postSolution
		SolutionGuid = {54436179-A6B5-418D-A36C-33152E8FAAC3}
	EndGlobalSection
EndGlobal
